
Microsoft Visual Studio Solution File, Format Version 12.00
# Visual Studio Version 16
VisualStudioVersion = 16.0.30503.244
MinimumVisualStudioVersion = 10.0.40219.1
Project("{8BC9CEB8-8B4A-11D0-8D11-00A0C91BC942}") = "Motor Vehicle", "Lab4\Lab4.vcxproj", "{FBE59A99-8972-41D0-A98F-00ED3967037A}"
EndProject
Project("{8BC9CEB8-8B4A-11D0-8D11-00A0C91BC942}") = "Point2D", "Point2D\Point2D.vcxproj", "{6B69AFEA-B482-4046-990F-B693A94CA393}"
EndProject
Project("{8BC9CEB8-8B4A-11D0-8D11-00A0C91BC942}") = "Polyline", "Polyline\Polyline.vcxproj", "{13DB16EA-59EC-43F3-8AB3-86FBE1D38161}"
EndProject
Project("{8BC9CEB8-8B4A-11D0-8D11-00A0C91BC942}") = "Card deck", "Card deck\Card deck.vcxproj", "{46CD4ED8-3157-4D36-8C8A-E7CE089B9B65}"
EndProject
Project("{8BC9CEB8-8B4A-11D0-8D11-00A0C91BC942}") = "Card game", "Card game\Card game.vcxproj", "{DC743095-BC98-47D0-86C8-8FC06A1D65C2}"
EndProject
Project("{8BC9CEB8-8B4A-11D0-8D11-00A0C91BC942}") = "Card utilities", "Card utilities\Card utilities.vcxproj", "{55058E79-64D7-40CF-B98E-35CA481112FB}"
EndProject
Project("{8BC9CEB8-8B4A-11D0-8D11-00A0C91BC942}") = "Lab4Lib", "Lab4Lib\Lab4Lib.vcxproj", "{C16FCF63-E6C3-497B-ADE7-BE06EE6DAACE}"
EndProject
Global
	GlobalSection(SolutionConfigurationPlatforms) = preSolution
		Debug|x64 = Debug|x64
		Debug|x86 = Debug|x86
		Release|x64 = Release|x64
		Release|x86 = Release|x86
	EndGlobalSection
	GlobalSection(ProjectConfigurationPlatforms) = postSolution
		{FBE59A99-8972-41D0-A98F-00ED3967037A}.Debug|x64.ActiveCfg = Debug|x64
		{FBE59A99-8972-41D0-A98F-00ED3967037A}.Debug|x64.Build.0 = Debug|x64
		{FBE59A99-8972-41D0-A98F-00ED3967037A}.Debug|x86.ActiveCfg = Debug|Win32
		{FBE59A99-8972-41D0-A98F-00ED3967037A}.Debug|x86.Build.0 = Debug|Win32
		{FBE59A99-8972-41D0-A98F-00ED3967037A}.Release|x64.ActiveCfg = Release|x64
		{FBE59A99-8972-41D0-A98F-00ED3967037A}.Release|x64.Build.0 = Release|x64
		{FBE59A99-8972-41D0-A98F-00ED3967037A}.Release|x86.ActiveCfg = Release|Win32
		{FBE59A99-8972-41D0-A98F-00ED3967037A}.Release|x86.Build.0 = Release|Win32
		{6B69AFEA-B482-4046-990F-B693A94CA393}.Debug|x64.ActiveCfg = Debug|x64
		{6B69AFEA-B482-4046-990F-B693A94CA393}.Debug|x64.Build.0 = Debug|x64
		{6B69AFEA-B482-4046-990F-B693A94CA393}.Debug|x86.ActiveCfg = Debug|Win32
		{6B69AFEA-B482-4046-990F-B693A94CA393}.Debug|x86.Build.0 = Debug|Win32
		{6B69AFEA-B482-4046-990F-B693A94CA393}.Release|x64.ActiveCfg = Release|x64
		{6B69AFEA-B482-4046-990F-B693A94CA393}.Release|x64.Build.0 = Release|x64
		{6B69AFEA-B482-4046-990F-B693A94CA393}.Release|x86.ActiveCfg = Release|Win32
		{6B69AFEA-B482-4046-990F-B693A94CA393}.Release|x86.Build.0 = Release|Win32
		{13DB16EA-59EC-43F3-8AB3-86FBE1D38161}.Debug|x64.ActiveCfg = Debug|x64
		{13DB16EA-59EC-43F3-8AB3-86FBE1D38161}.Debug|x64.Build.0 = Debug|x64
		{13DB16EA-59EC-43F3-8AB3-86FBE1D38161}.Debug|x86.ActiveCfg = Debug|Win32
		{13DB16EA-59EC-43F3-8AB3-86FBE1D38161}.Debug|x86.Build.0 = Debug|Win32
		{13DB16EA-59EC-43F3-8AB3-86FBE1D38161}.Release|x64.ActiveCfg = Release|x64
		{13DB16EA-59EC-43F3-8AB3-86FBE1D38161}.Release|x64.Build.0 = Release|x64
		{13DB16EA-59EC-43F3-8AB3-86FBE1D38161}.Release|x86.ActiveCfg = Release|Win32
		{13DB16EA-59EC-43F3-8AB3-86FBE1D38161}.Release|x86.Build.0 = Release|Win32
		{46CD4ED8-3157-4D36-8C8A-E7CE089B9B65}.Debug|x64.ActiveCfg = Debug|x64
		{46CD4ED8-3157-4D36-8C8A-E7CE089B9B65}.Debug|x64.Build.0 = Debug|x64
		{46CD4ED8-3157-4D36-8C8A-E7CE089B9B65}.Debug|x86.ActiveCfg = Debug|Win32
		{46CD4ED8-3157-4D36-8C8A-E7CE089B9B65}.Debug|x86.Build.0 = Debug|Win32
		{46CD4ED8-3157-4D36-8C8A-E7CE089B9B65}.Release|x64.ActiveCfg = Release|x64
		{46CD4ED8-3157-4D36-8C8A-E7CE089B9B65}.Release|x64.Build.0 = Release|x64
		{46CD4ED8-3157-4D36-8C8A-E7CE089B9B65}.Release|x86.ActiveCfg = Release|Win32
		{46CD4ED8-3157-4D36-8C8A-E7CE089B9B65}.Release|x86.Build.0 = Release|Win32
		{DC743095-BC98-47D0-86C8-8FC06A1D65C2}.Debug|x64.ActiveCfg = Debug|x64
		{DC743095-BC98-47D0-86C8-8FC06A1D65C2}.Debug|x64.Build.0 = Debug|x64
		{DC743095-BC98-47D0-86C8-8FC06A1D65C2}.Debug|x86.ActiveCfg = Debug|Win32
		{DC743095-BC98-47D0-86C8-8FC06A1D65C2}.Debug|x86.Build.0 = Debug|Win32
		{DC743095-BC98-47D0-86C8-8FC06A1D65C2}.Release|x64.ActiveCfg = Release|x64
		{DC743095-BC98-47D0-86C8-8FC06A1D65C2}.Release|x64.Build.0 = Release|x64
		{DC743095-BC98-47D0-86C8-8FC06A1D65C2}.Release|x86.ActiveCfg = Release|Win32
		{DC743095-BC98-47D0-86C8-8FC06A1D65C2}.Release|x86.Build.0 = Release|Win32
		{55058E79-64D7-40CF-B98E-35CA481112FB}.Debug|x64.ActiveCfg = Debug|x64
		{55058E79-64D7-40CF-B98E-35CA481112FB}.Debug|x64.Build.0 = Debug|x64
		{55058E79-64D7-40CF-B98E-35CA481112FB}.Debug|x86.ActiveCfg = Debug|Win32
		{55058E79-64D7-40CF-B98E-35CA481112FB}.Debug|x86.Build.0 = Debug|Win32
		{55058E79-64D7-40CF-B98E-35CA481112FB}.Release|x64.ActiveCfg = Release|x64
		{55058E79-64D7-40CF-B98E-35CA481112FB}.Release|x64.Build.0 = Release|x64
		{55058E79-64D7-40CF-B98E-35CA481112FB}.Release|x86.ActiveCfg = Release|Win32
		{55058E79-64D7-40CF-B98E-35CA481112FB}.Release|x86.Build.0 = Release|Win32
		{C16FCF63-E6C3-497B-ADE7-BE06EE6DAACE}.Debug|x64.ActiveCfg = Debug|x64
		{C16FCF63-E6C3-497B-ADE7-BE06EE6DAACE}.Debug|x64.Build.0 = Debug|x64
		{C16FCF63-E6C3-497B-ADE7-BE06EE6DAACE}.Debug|x86.ActiveCfg = Debug|Win32
		{C16FCF63-E6C3-497B-ADE7-BE06EE6DAACE}.Debug|x86.Build.0 = Debug|Win32
		{C16FCF63-E6C3-497B-ADE7-BE06EE6DAACE}.Release|x64.ActiveCfg = Release|x64
		{C16FCF63-E6C3-497B-ADE7-BE06EE6DAACE}.Release|x64.Build.0 = Release|x64
		{C16FCF63-E6C3-497B-ADE7-BE06EE6DAACE}.Release|x86.ActiveCfg = Release|Win32
		{C16FCF63-E6C3-497B-ADE7-BE06EE6DAACE}.Release|x86.Build.0 = Release|Win32
	EndGlobalSection
	GlobalSection(SolutionProperties) = preSolution
		HideSolutionNode = FALSE
	EndGlobalSection
	GlobalSection(ExtensibilityGlobals) = postSolution
		SolutionGuid = {CFEFEAC8-45F2-4B63-A58D-714E65735873}
	EndGlobalSection
EndGlobal
